<Solution>
  <Folder Name="/src/">
    <Project Path="src/Bdtheque.Api/Bdtheque.Api.csproj" />
    <Project Path="src/Bdtheque.Contracts/Bdtheque.Contracts.csproj" />
    <Project Path="src/Bdtheque.Domain/Bdtheque.Domain.csproj" />
    <Project Path="src/Bdtheque.Frontend/Bdtheque.Frontend.csproj" />
    <Project Path="src/Bdtheque.Infrastructure/Bdtheque.Infrastructure.csproj" />
  </Folder>
  <Folder Name="/tests/">
    <Project Path="tests/Bdtheque.Api.Tests/Bdtheque.Api.Tests.csproj" />
    <Project Path="tests/Bdtheque.Domain.Tests/Bdtheque.Domain.Tests.csproj" />
    <Project Path="tests/Bdtheque.Infrastructure.Tests/Bdtheque.Infrastructure.Tests.csproj" />
    <Project Path="tests/Bdtheque.Testing/Bdtheque.Testing.csproj" />
  </Folder>
</Solution>
